
Microsoft Visual Studio Solution File, Format Version 12.00
# Visual Studio 15
VisualStudioVersion = 15.0.27130.2010
MinimumVisualStudioVersion = 10.0.40219.1
Project("{FAE04EC0-301F-11D3-BF4B-00C04F79EFBC}") = "Nav.API", "Nav.API\Nav.API.csproj", "{A013CD46-A43F-4963-9992-65961C8FDCF1}"
EndProject
Project("{FAE04EC0-301F-11D3-BF4B-00C04F79EFBC}") = "Compiler", "Compiler\Compiler.csproj", "{0A1BEB21-70D7-499E-86F6-78C37D3FF54E}"
EndProject
Project("{FAE04EC0-301F-11D3-BF4B-00C04F79EFBC}") = "Compiler.Core2", "Compiler.Core2\Compiler.Core2.csproj", "{592EAA1A-4E61-407F-8DEE-A6069B64B5BC}"
EndProject
Project("{FAE04EC0-301F-11D3-BF4B-00C04F79EFBC}") = "Test", "Test\Test.csproj", "{39D71A28-0040-485E-A0DC-060815EE72F0}"
EndProject
Project("{FAE04EC0-301F-11D3-BF4B-00C04F79EFBC}") = "TestUnit", "TestUnit\TestUnit.csproj", "{B3A14243-648C-4750-8636-13DC20999AFD}"
EndProject
Project("{FAE04EC0-301F-11D3-BF4B-00C04F79EFBC}") = "Advanced AL", "Advanced AL\Advanced AL.csproj", "{D17C1DDD-7981-4A81-8987-A26E15B1188B}"
EndProject
Project("{FAE04EC0-301F-11D3-BF4B-00C04F79EFBC}") = "Compiler.API", "Compiler.API\Compiler.API.csproj", "{4AED056C-91D2-4F8C-A59B-897ED207D330}"
EndProject
Project("{FAE04EC0-301F-11D3-BF4B-00C04F79EFBC}") = "Definition.ALAdvanced", "Definition.ALAdvanced\Definition.ALAdvanced.csproj", "{492D6931-71F5-478C-ADEA-7C0D08159664}"
EndProject
Project("{FAE04EC0-301F-11D3-BF4B-00C04F79EFBC}") = "Compiler.Core", "Compiler.Core\Compiler.Core.csproj", "{2C9D13A0-4101-45A2-95F0-9C8474059385}"
EndProject
Project("{FAE04EC0-301F-11D3-BF4B-00C04F79EFBC}") = "Nav.Object.Explorer", "Nav.Object.Explorer\Nav.Object.Explorer.csproj", "{7D8CE30E-1115-44E0-9146-93B0E5263D11}"
EndProject
Project("{FAE04EC0-301F-11D3-BF4B-00C04F79EFBC}") = "Nav.Object.Explorer.Core", "Nav.Object.Explorer.Core\Nav.Object.Explorer.Core.csproj", "{77E1331A-3054-4883-9BBB-26F5E61AC7D6}"
EndProject
Global
	GlobalSection(SolutionConfigurationPlatforms) = preSolution
		Debug|Any CPU = Debug|Any CPU
		Release|Any CPU = Release|Any CPU
	EndGlobalSection
	GlobalSection(ProjectConfigurationPlatforms) = postSolution
		{A013CD46-A43F-4963-9992-65961C8FDCF1}.Debug|Any CPU.ActiveCfg = Debug|Any CPU
		{A013CD46-A43F-4963-9992-65961C8FDCF1}.Debug|Any CPU.Build.0 = Debug|Any CPU
		{A013CD46-A43F-4963-9992-65961C8FDCF1}.Release|Any CPU.ActiveCfg = Release|Any CPU
		{A013CD46-A43F-4963-9992-65961C8FDCF1}.Release|Any CPU.Build.0 = Release|Any CPU
		{0A1BEB21-70D7-499E-86F6-78C37D3FF54E}.Debug|Any CPU.ActiveCfg = Debug|Any CPU
		{0A1BEB21-70D7-499E-86F6-78C37D3FF54E}.Debug|Any CPU.Build.0 = Debug|Any CPU
		{0A1BEB21-70D7-499E-86F6-78C37D3FF54E}.Release|Any CPU.ActiveCfg = Release|Any CPU
		{0A1BEB21-70D7-499E-86F6-78C37D3FF54E}.Release|Any CPU.Build.0 = Release|Any CPU
		{592EAA1A-4E61-407F-8DEE-A6069B64B5BC}.Debug|Any CPU.ActiveCfg = Debug|Any CPU
		{592EAA1A-4E61-407F-8DEE-A6069B64B5BC}.Debug|Any CPU.Build.0 = Debug|Any CPU
		{592EAA1A-4E61-407F-8DEE-A6069B64B5BC}.Release|Any CPU.ActiveCfg = Release|Any CPU
		{592EAA1A-4E61-407F-8DEE-A6069B64B5BC}.Release|Any CPU.Build.0 = Release|Any CPU
		{39D71A28-0040-485E-A0DC-060815EE72F0}.Debug|Any CPU.ActiveCfg = Debug|Any CPU
		{39D71A28-0040-485E-A0DC-060815EE72F0}.Debug|Any CPU.Build.0 = Debug|Any CPU
		{39D71A28-0040-485E-A0DC-060815EE72F0}.Release|Any CPU.ActiveCfg = Release|Any CPU
		{39D71A28-0040-485E-A0DC-060815EE72F0}.Release|Any CPU.Build.0 = Release|Any CPU
		{B3A14243-648C-4750-8636-13DC20999AFD}.Debug|Any CPU.ActiveCfg = Debug|Any CPU
		{B3A14243-648C-4750-8636-13DC20999AFD}.Debug|Any CPU.Build.0 = Debug|Any CPU
		{B3A14243-648C-4750-8636-13DC20999AFD}.Release|Any CPU.ActiveCfg = Release|Any CPU
		{B3A14243-648C-4750-8636-13DC20999AFD}.Release|Any CPU.Build.0 = Release|Any CPU
		{D17C1DDD-7981-4A81-8987-A26E15B1188B}.Debug|Any CPU.ActiveCfg = Debug|Any CPU
		{D17C1DDD-7981-4A81-8987-A26E15B1188B}.Debug|Any CPU.Build.0 = Debug|Any CPU
		{D17C1DDD-7981-4A81-8987-A26E15B1188B}.Release|Any CPU.ActiveCfg = Release|Any CPU
		{D17C1DDD-7981-4A81-8987-A26E15B1188B}.Release|Any CPU.Build.0 = Release|Any CPU
		{4AED056C-91D2-4F8C-A59B-897ED207D330}.Debug|Any CPU.ActiveCfg = Debug|Any CPU
		{4AED056C-91D2-4F8C-A59B-897ED207D330}.Debug|Any CPU.Build.0 = Debug|Any CPU
		{4AED056C-91D2-4F8C-A59B-897ED207D330}.Release|Any CPU.ActiveCfg = Release|Any CPU
		{4AED056C-91D2-4F8C-A59B-897ED207D330}.Release|Any CPU.Build.0 = Release|Any CPU
		{492D6931-71F5-478C-ADEA-7C0D08159664}.Debug|Any CPU.ActiveCfg = Debug|Any CPU
		{492D6931-71F5-478C-ADEA-7C0D08159664}.Debug|Any CPU.Build.0 = Debug|Any CPU
		{492D6931-71F5-478C-ADEA-7C0D08159664}.Release|Any CPU.ActiveCfg = Release|Any CPU
		{492D6931-71F5-478C-ADEA-7C0D08159664}.Release|Any CPU.Build.0 = Release|Any CPU
		{2C9D13A0-4101-45A2-95F0-9C8474059385}.Debug|Any CPU.ActiveCfg = Debug|Any CPU
		{2C9D13A0-4101-45A2-95F0-9C8474059385}.Debug|Any CPU.Build.0 = Debug|Any CPU
		{2C9D13A0-4101-45A2-95F0-9C8474059385}.Release|Any CPU.ActiveCfg = Release|Any CPU
		{2C9D13A0-4101-45A2-95F0-9C8474059385}.Release|Any CPU.Build.0 = Release|Any CPU
		{7D8CE30E-1115-44E0-9146-93B0E5263D11}.Debug|Any CPU.ActiveCfg = Debug|Any CPU
		{7D8CE30E-1115-44E0-9146-93B0E5263D11}.Debug|Any CPU.Build.0 = Debug|Any CPU
		{7D8CE30E-1115-44E0-9146-93B0E5263D11}.Release|Any CPU.ActiveCfg = Release|Any CPU
		{7D8CE30E-1115-44E0-9146-93B0E5263D11}.Release|Any CPU.Build.0 = Release|Any CPU
		{77E1331A-3054-4883-9BBB-26F5E61AC7D6}.Debug|Any CPU.ActiveCfg = Debug|Any CPU
		{77E1331A-3054-4883-9BBB-26F5E61AC7D6}.Debug|Any CPU.Build.0 = Debug|Any CPU
		{77E1331A-3054-4883-9BBB-26F5E61AC7D6}.Release|Any CPU.ActiveCfg = Release|Any CPU
		{77E1331A-3054-4883-9BBB-26F5E61AC7D6}.Release|Any CPU.Build.0 = Release|Any CPU
	EndGlobalSection
	GlobalSection(SolutionProperties) = preSolution
		HideSolutionNode = FALSE
	EndGlobalSection
	GlobalSection(ExtensibilityGlobals) = postSolution
		SolutionGuid = {E29BC1B7-2C2F-4976-BD3B-CD740682C7F0}
	EndGlobalSection
EndGlobal
