
Microsoft Visual Studio Solution File, Format Version 12.00
# Visual Studio 14
VisualStudioVersion = 14.0.25420.1
MinimumVisualStudioVersion = 10.0.40219.1
Project("{FAE04EC0-301F-11D3-BF4B-00C04F79EFBC}") = "Nav_API", "Nav_API\Nav_API.csproj", "{A013CD46-A43F-4963-9992-65961C8FDCF1}"
EndProject
Project("{FAE04EC0-301F-11D3-BF4B-00C04F79EFBC}") = "Compiler", "Compiler\Compiler.csproj", "{0A1BEB21-70D7-499E-86F6-78C37D3FF54E}"
EndProject
Project("{FAE04EC0-301F-11D3-BF4B-00C04F79EFBC}") = "Compiler.Core", "Compiler.Core\Compiler.Core.csproj", "{592EAA1A-4E61-407F-8DEE-A6069B64B5BC}"
EndProject
Global
	GlobalSection(SolutionConfigurationPlatforms) = preSolution
		Debug|Any CPU = Debug|Any CPU
		Release|Any CPU = Release|Any CPU
	EndGlobalSection
	GlobalSection(ProjectConfigurationPlatforms) = postSolution
		{A013CD46-A43F-4963-9992-65961C8FDCF1}.Debug|Any CPU.ActiveCfg = Debug|Any CPU
		{A013CD46-A43F-4963-9992-65961C8FDCF1}.Debug|Any CPU.Build.0 = Debug|Any CPU
		{A013CD46-A43F-4963-9992-65961C8FDCF1}.Release|Any CPU.ActiveCfg = Release|Any CPU
		{A013CD46-A43F-4963-9992-65961C8FDCF1}.Release|Any CPU.Build.0 = Release|Any CPU
		{0A1BEB21-70D7-499E-86F6-78C37D3FF54E}.Debug|Any CPU.ActiveCfg = Debug|Any CPU
		{0A1BEB21-70D7-499E-86F6-78C37D3FF54E}.Debug|Any CPU.Build.0 = Debug|Any CPU
		{0A1BEB21-70D7-499E-86F6-78C37D3FF54E}.Release|Any CPU.ActiveCfg = Release|Any CPU
		{0A1BEB21-70D7-499E-86F6-78C37D3FF54E}.Release|Any CPU.Build.0 = Release|Any CPU
		{592EAA1A-4E61-407F-8DEE-A6069B64B5BC}.Debug|Any CPU.ActiveCfg = Debug|Any CPU
		{592EAA1A-4E61-407F-8DEE-A6069B64B5BC}.Debug|Any CPU.Build.0 = Debug|Any CPU
		{592EAA1A-4E61-407F-8DEE-A6069B64B5BC}.Release|Any CPU.ActiveCfg = Release|Any CPU
		{592EAA1A-4E61-407F-8DEE-A6069B64B5BC}.Release|Any CPU.Build.0 = Release|Any CPU
	EndGlobalSection
	GlobalSection(SolutionProperties) = preSolution
		HideSolutionNode = FALSE
	EndGlobalSection
EndGlobal
